
Microsoft Visual Studio Solution File, Format Version 11.00
# Visual Studio 2010
Project("{FAE04EC0-301F-11D3-BF4B-00C04F79EFBC}") = "Assembly-CSharp", "Assembly-CSharp.csproj", "{3580EBE0-0C2D-1B3B-82A6-94B462AAFACF}"
EndProject
Project("{FAE04EC0-301F-11D3-BF4B-00C04F79EFBC}") = "Assembly-CSharp-firstpass", "Assembly-CSharp-firstpass.csproj", "{754C34AF-67F6-6794-A7BB-04D63D679928}"
EndProject
Global
	GlobalSection(SolutionConfigurationPlatforms) = preSolution
		Debug|Any CPU = Debug|Any CPU
		Release|Any CPU = Release|Any CPU
	EndGlobalSection
	GlobalSection(ProjectConfigurationPlatforms) = postSolution
		{3580EBE0-0C2D-1B3B-82A6-94B462AAFACF}.Debug|Any CPU.ActiveCfg = Debug|Any CPU
		{3580EBE0-0C2D-1B3B-82A6-94B462AAFACF}.Debug|Any CPU.Build.0 = Debug|Any CPU
		{3580EBE0-0C2D-1B3B-82A6-94B462AAFACF}.Release|Any CPU.ActiveCfg = Release|Any CPU
		{3580EBE0-0C2D-1B3B-82A6-94B462AAFACF}.Release|Any CPU.Build.0 = Release|Any CPU
		{754C34AF-67F6-6794-A7BB-04D63D679928}.Debug|Any CPU.ActiveCfg = Debug|Any CPU
		{754C34AF-67F6-6794-A7BB-04D63D679928}.Debug|Any CPU.Build.0 = Debug|Any CPU
		{754C34AF-67F6-6794-A7BB-04D63D679928}.Release|Any CPU.ActiveCfg = Release|Any CPU
		{754C34AF-67F6-6794-A7BB-04D63D679928}.Release|Any CPU.Build.0 = Release|Any CPU
	EndGlobalSection
	GlobalSection(SolutionProperties) = preSolution
		HideSolutionNode = FALSE
	EndGlobalSection
EndGlobal
